// !$*UTF8*$!
{
	archiveVersion = 1;
	classes = {
	};
	objectVersion = 77;
	objects = {

/* Begin PBXBuildFile section */
		FBD2B77C2E6620F500382F2D /* README.md in Resources */ = {isa = PBXBuildFile; fileRef = FBD2B77B2E6620F500382F2D /* README.md */; };
/* End PBXBuildFile section */

/* Begin PBXContainerItemProxy section */
		FBDCB7AF2E25FB080063B55D /* PBXContainerItemProxy */ = {
			isa = PBXContainerItemProxy;
			containerPortal = FBDCB7972E25FB050063B55D /* Project object */;
			proxyType = 1;
			remoteGlobalIDString = FBDCB79E2E25FB050063B55D;
			remoteInfo = ExerciseTracker;
		};
		FBDCB7B92E25FB080063B55D /* PBXContainerItemProxy */ = {
			isa = PBXContainerItemProxy;
			containerPortal = FBDCB7972E25FB050063B55D /* Project object */;
			proxyType = 1;
			remoteGlobalIDString = FBDCB79E2E25FB050063B55D;
			remoteInfo = ExerciseTracker;
		};
/* End PBXContainerItemProxy section */

/* Begin PBXFileReference section */
		FBD2B77B2E6620F500382F2D /* README.md */ = {isa = PBXFileReference; lastKnownFileType = net.daringfireball.markdown; path = README.md; sourceTree = "<group>"; };
		FBDCB79F2E25FB050063B55D /* ExerciseTracker.app */ = {isa = PBXFileReference; explicitFileType = wrapper.application; includeInIndex = 0; path = ExerciseTracker.app; sourceTree = BUILT_PRODUCTS_DIR; };
		FBDCB7AE2E25FB080063B55D /* ExerciseTrackerTests.xctest */ = {isa = PBXFileReference; explicitFileType = wrapper.cfbundle; includeInIndex = 0; path = ExerciseTrackerTests.xctest; sourceTree = BUILT_PRODUCTS_DIR; };
		FBDCB7B82E25FB080063B55D /* ExerciseTrackerUITests.xctest */ = {isa = PBXFileReference; explicitFileType = wrapper.cfbundle; includeInIndex = 0; path = ExerciseTrackerUITests.xctest; sourceTree = BUILT_PRODUCTS_DIR; };
/* End PBXFileReference section */

/* Begin PBXFileSystemSynchronizedBuildFileExceptionSet section */
		FBA8145E2E31D54D00790C2B /* Exceptions for "ExerciseTracker" folder in "ExerciseTracker" target */ = {
			isa = PBXFileSystemSynchronizedBuildFileExceptionSet;
			membershipExceptions = (
				Info.plist,
			);
			target = FBDCB79E2E25FB050063B55D /* ExerciseTracker */;
		};
/* End PBXFileSystemSynchronizedBuildFileExceptionSet section */

/* Begin PBXFileSystemSynchronizedRootGroup section */
		FBDCB7A12E25FB050063B55D /* ExerciseTracker */ = {
			isa = PBXFileSystemSynchronizedRootGroup;
			exceptions = (
				FBA8145E2E31D54D00790C2B /* Exceptions for "ExerciseTracker" folder in "ExerciseTracker" target */,
			);
			path = ExerciseTracker;
			sourceTree = "<group>";
		};
		FBDCB7B12E25FB080063B55D /* ExerciseTrackerTests */ = {
			isa = PBXFileSystemSynchronizedRootGroup;
			path = ExerciseTrackerTests;
			sourceTree = "<group>";
		};
		FBDCB7BB2E25FB080063B55D /* ExerciseTrackerUITests */ = {
			isa = PBXFileSystemSynchronizedRootGroup;
			path = ExerciseTrackerUITests;
			sourceTree = "<group>";
		};
/* End PBXFileSystemSynchronizedRootGroup section */

/* Begin PBXFrameworksBuildPhase section */
		FBDCB79C2E25FB050063B55D /* Frameworks */ = {
			isa = PBXFrameworksBuildPhase;
			buildActionMask = 2147483647;
			files = (
			);
			runOnlyForDeploymentPostprocessing = 0;
		};
		FBDCB7AB2E25FB080063B55D /* Frameworks */ = {
			isa = PBXFrameworksBuildPhase;
			buildActionMask = 2147483647;
			files = (
			);
			runOnlyForDeploymentPostprocessing = 0;
		};
		FBDCB7B52E25FB080063B55D /* Frameworks */ = {
			isa = PBXFrameworksBuildPhase;
			buildActionMask = 2147483647;
			files = (
			);
			runOnlyForDeploymentPostprocessing = 0;
		};
/* End PBXFrameworksBuildPhase section */

/* Begin PBXGroup section */
		FBDCB7962E25FB050063B55D = {
			isa = PBXGroup;
			children = (
				FBDCB7A12E25FB050063B55D /* ExerciseTracker */,
				FBDCB7B12E25FB080063B55D /* ExerciseTrackerTests */,
				FBDCB7BB2E25FB080063B55D /* ExerciseTrackerUITests */,
				FBDCB7A02E25FB050063B55D /* Products */,
				FBD2B77B2E6620F500382F2D /* README.md */,
			);
			sourceTree = "<group>";
		};
		FBDCB7A02E25FB050063B55D /* Products */ = {
			isa = PBXGroup;
			children = (
				FBDCB79F2E25FB050063B55D /* ExerciseTracker.app */,
				FBDCB7AE2E25FB080063B55D /* ExerciseTrackerTests.xctest */,
				FBDCB7B82E25FB080063B55D /* ExerciseTrackerUITests.xctest */,
			);
			name = Products;
			sourceTree = "<group>";
		};
/* End PBXGroup section */

/* Begin PBXNativeTarget section */
		FBDCB79E2E25FB050063B55D /* ExerciseTracker */ = {
			isa = PBXNativeTarget;
			buildConfigurationList = FBDCB7C22E25FB080063B55D /* Build configuration list for PBXNativeTarget "ExerciseTracker" */;
			buildPhases = (
				FBDCB79B2E25FB050063B55D /* Sources */,
				FBDCB79C2E25FB050063B55D /* Frameworks */,
				FBDCB79D2E25FB050063B55D /* Resources */,
			);
			buildRules = (
			);
			dependencies = (
			);
			fileSystemSynchronizedGroups = (
				FBDCB7A12E25FB050063B55D /* ExerciseTracker */,
			);
			name = ExerciseTracker;
			packageProductDependencies = (
			);
			productName = ExerciseTracker;
			productReference = FBDCB79F2E25FB050063B55D /* ExerciseTracker.app */;
			productType = "com.apple.product-type.application";
		};
		FBDCB7AD2E25FB080063B55D /* ExerciseTrackerTests */ = {
			isa = PBXNativeTarget;
			buildConfigurationList = FBDCB7C52E25FB080063B55D /* Build configuration list for PBXNativeTarget "ExerciseTrackerTests" */;
			buildPhases = (
				FBDCB7AA2E25FB080063B55D /* Sources */,
				FBDCB7AB2E25FB080063B55D /* Frameworks */,
				FBDCB7AC2E25FB080063B55D /* Resources */,
			);
			buildRules = (
			);
			dependencies = (
				FBDCB7B02E25FB080063B55D /* PBXTargetDependency */,
			);
			fileSystemSynchronizedGroups = (
				FBDCB7B12E25FB080063B55D /* ExerciseTrackerTests */,
			);
			name = ExerciseTrackerTests;
			packageProductDependencies = (
			);
			productName = ExerciseTrackerTests;
			productReference = FBDCB7AE2E25FB080063B55D /* ExerciseTrackerTests.xctest */;
			productType = "com.apple.product-type.bundle.unit-test";
		};
		FBDCB7B72E25FB080063B55D /* ExerciseTrackerUITests */ = {
			isa = PBXNativeTarget;
			buildConfigurationList = FBDCB7C82E25FB080063B55D /* Build configuration list for PBXNativeTarget "ExerciseTrackerUITests" */;
			buildPhases = (
				FBDCB7B42E25FB080063B55D /* Sources */,
				FBDCB7B52E25FB080063B55D /* Frameworks */,
				FBDCB7B62E25FB080063B55D /* Resources */,
			);
			buildRules = (
			);
			dependencies = (
				FBDCB7BA2E25FB080063B55D /* PBXTargetDependency */,
			);
			fileSystemSynchronizedGroups = (
				FBDCB7BB2E25FB080063B55D /* ExerciseTrackerUITests */,
			);
			name = ExerciseTrackerUITests;
			packageProductDependencies = (
			);
			productName = ExerciseTrackerUITests;
			productReference = FBDCB7B82E25FB080063B55D /* ExerciseTrackerUITests.xctest */;
			productType = "com.apple.product-type.bundle.ui-testing";
		};
/* End PBXNativeTarget section */

/* Begin PBXProject section */
		FBDCB7972E25FB050063B55D /* Project object */ = {
			isa = PBXProject;
			attributes = {
				BuildIndependentTargetsInParallel = 1;
				LastSwiftUpdateCheck = 1640;
				LastUpgradeCheck = 1640;
				TargetAttributes = {
					FBDCB79E2E25FB050063B55D = {
						CreatedOnToolsVersion = 16.4;
					};
					FBDCB7AD2E25FB080063B55D = {
						CreatedOnToolsVersion = 16.4;
						TestTargetID = FBDCB79E2E25FB050063B55D;
					};
					FBDCB7B72E25FB080063B55D = {
						CreatedOnToolsVersion = 16.4;
						TestTargetID = FBDCB79E2E25FB050063B55D;
					};
				};
			};
			buildConfigurationList = FBDCB79A2E25FB050063B55D /* Build configuration list for PBXProject "ExerciseTracker" */;
			developmentRegion = en;
			hasScannedForEncodings = 0;
			knownRegions = (
				en,
				Base,
			);
			mainGroup = FBDCB7962E25FB050063B55D;
			minimizedProjectReferenceProxies = 1;
			preferredProjectObjectVersion = 77;
			productRefGroup = FBDCB7A02E25FB050063B55D /* Products */;
			projectDirPath = "";
			projectRoot = "";
			targets = (
				FBDCB79E2E25FB050063B55D /* ExerciseTracker */,
				FBDCB7AD2E25FB080063B55D /* ExerciseTrackerTests */,
				FBDCB7B72E25FB080063B55D /* ExerciseTrackerUITests */,
			);
		};
/* End PBXProject section */

/* Begin PBXResourcesBuildPhase section */
		FBDCB79D2E25FB050063B55D /* Resources */ = {
			isa = PBXResourcesBuildPhase;
			buildActionMask = 2147483647;
			files = (
				FBD2B77C2E6620F500382F2D /* README.md in Resources */,
			);
			runOnlyForDeploymentPostprocessing = 0;
		};
		FBDCB7AC2E25FB080063B55D /* Resources */ = {
			isa = PBXResourcesBuildPhase;
			buildActionMask = 2147483647;
			files = (
			);
			runOnlyForDeploymentPostprocessing = 0;
		};
		FBDCB7B62E25FB080063B55D /* Resources */ = {
			isa = PBXResourcesBuildPhase;
			buildActionMask = 2147483647;
			files = (
			);
			runOnlyForDeploymentPostprocessing = 0;
		};
/* End PBXResourcesBuildPhase section */

/* Begin PBXSourcesBuildPhase section */
		FBDCB79B2E25FB050063B55D /* Sources */ = {
			isa = PBXSourcesBuildPhase;
			buildActionMask = 2147483647;
			files = (
			);
			runOnlyForDeploymentPostprocessing = 0;
		};
		FBDCB7AA2E25FB080063B55D /* Sources */ = {
			isa = PBXSourcesBuildPhase;
			buildActionMask = 2147483647;
			files = (
			);
			runOnlyForDeploymentPostprocessing = 0;
		};
		FBDCB7B42E25FB080063B55D /* Sources */ = {
			isa = PBXSourcesBuildPhase;
			buildActionMask = 2147483647;
			files = (
			);
			runOnlyForDeploymentPostprocessing = 0;
		};
/* End PBXSourcesBuildPhase section */

/* Begin PBXTargetDependency section */
		FBDCB7B02E25FB080063B55D /* PBXTargetDependency */ = {
			isa = PBXTargetDependency;
			target = FBDCB79E2E25FB050063B55D /* ExerciseTracker */;
			targetProxy = FBDCB7AF2E25FB080063B55D /* PBXContainerItemProxy */;
		};
		FBDCB7BA2E25FB080063B55D /* PBXTargetDependency */ = {
			isa = PBXTargetDependency;
			target = FBDCB79E2E25FB050063B55D /* ExerciseTracker */;
			targetProxy = FBDCB7B92E25FB080063B55D /* PBXContainerItemProxy */;
		};
/* End PBXTargetDependency section */

/* Begin XCBuildConfiguration section */
		FBDCB7C02E25FB080063B55D /* Debug */ = {
			isa = XCBuildConfiguration;
			buildSettings = {
				ALWAYS_SEARCH_USER_PATHS = NO;
				ASSETCATALOG_COMPILER_GENERATE_SWIFT_ASSET_SYMBOL_EXTENSIONS = YES;
				CLANG_ANALYZER_NONNULL = YES;
				CLANG_ANALYZER_NUMBER_OBJECT_CONVERSION = YES_AGGRESSIVE;
				CLANG_CXX_LANGUAGE_STANDARD = "gnu++20";
				CLANG_ENABLE_MODULES = YES;
				CLANG_ENABLE_OBJC_ARC = YES;
				CLANG_ENABLE_OBJC_WEAK = YES;
				CLANG_WARN_BLOCK_CAPTURE_AUTORELEASING = YES;
				CLANG_WARN_BOOL_CONVERSION = YES;
				CLANG_WARN_COMMA = YES;
				CLANG_WARN_CONSTANT_CONVERSION = YES;
				CLANG_WARN_DEPRECATED_OBJC_IMPLEMENTATIONS = YES;
				CLANG_WARN_DIRECT_OBJC_ISA_USAGE = YES_ERROR;
				CLANG_WARN_DOCUMENTATION_COMMENTS = YES;
				CLANG_WARN_EMPTY_BODY = YES;
				CLANG_WARN_ENUM_CONVERSION = YES;
				CLANG_WARN_INFINITE_RECURSION = YES;
				CLANG_WARN_INT_CONVERSION = YES;
				CLANG_WARN_NON_LITERAL_NULL_CONVERSION = YES;
				CLANG_WARN_OBJC_IMPLICIT_RETAIN_SELF = YES;
				CLANG_WARN_OBJC_LITERAL_CONVERSION = YES;
				CLANG_WARN_OBJC_ROOT_CLASS = YES_ERROR;
				CLANG_WARN_QUOTED_INCLUDE_IN_FRAMEWORK_HEADER = YES;
				CLANG_WARN_RANGE_LOOP_ANALYSIS = YES;
				CLANG_WARN_STRICT_PROTOTYPES = YES;
				CLANG_WARN_SUSPICIOUS_MOVE = YES;
				CLANG_WARN_UNGUARDED_AVAILABILITY = YES_AGGRESSIVE;
				CLANG_WARN_UNREACHABLE_CODE = YES;
				CLANG_WARN__DUPLICATE_METHOD_MATCH = YES;
				COPY_PHASE_STRIP = NO;
				DEBUG_INFORMATION_FORMAT = dwarf;
				DEVELOPMENT_TEAM = LXE5SAW38H;
				ENABLE_STRICT_OBJC_MSGSEND = YES;
				ENABLE_TESTABILITY = YES;
				ENABLE_USER_SCRIPT_SANDBOXING = YES;
				GCC_C_LANGUAGE_STANDARD = gnu17;
				GCC_DYNAMIC_NO_PIC = NO;
				GCC_NO_COMMON_BLOCKS = YES;
				GCC_OPTIMIZATION_LEVEL = 0;
				GCC_PREPROCESSOR_DEFINITIONS = (
					"DEBUG=1",
					"$(inherited)",
				);
				GCC_WARN_64_TO_32_BIT_CONVERSION = YES;
				GCC_WARN_ABOUT_RETURN_TYPE = YES_ERROR;
				GCC_WARN_UNDECLARED_SELECTOR = YES;
				GCC_WARN_UNINITIALIZED_AUTOS = YES_AGGRESSIVE;
				GCC_WARN_UNUSED_FUNCTION = YES;
				GCC_WARN_UNUSED_VARIABLE = YES;
				IPHONEOS_DEPLOYMENT_TARGET = 18.5;
				LOCALIZATION_PREFERS_STRING_CATALOGS = YES;
				MTL_ENABLE_DEBUG_INFO = INCLUDE_SOURCE;
				MTL_FAST_MATH = YES;
				ONLY_ACTIVE_ARCH = YES;
				SDKROOT = iphoneos;
				SWIFT_ACTIVE_COMPILATION_CONDITIONS = "DEBUG $(inherited)";
				SWIFT_OPTIMIZATION_LEVEL = "-Onone";
			};
			name = Debug;
		};
		FBDCB7C12E25FB080063B55D /* Release */ = {
			isa = XCBuildConfiguration;
			buildSettings = {
				ALWAYS_SEARCH_USER_PATHS = NO;
				ASSETCATALOG_COMPILER_GENERATE_SWIFT_ASSET_SYMBOL_EXTENSIONS = YES;
				CLANG_ANALYZER_NONNULL = YES;
				CLANG_ANALYZER_NUMBER_OBJECT_CONVERSION = YES_AGGRESSIVE;
				CLANG_CXX_LANGUAGE_STANDARD = "gnu++20";
				CLANG_ENABLE_MODULES = YES;
				CLANG_ENABLE_OBJC_ARC = YES;
				CLANG_ENABLE_OBJC_WEAK = YES;
				CLANG_WARN_BLOCK_CAPTURE_AUTORELEASING = YES;
				CLANG_WARN_BOOL_CONVERSION = YES;
				CLANG_WARN_COMMA = YES;
				CLANG_WARN_CONSTANT_CONVERSION = YES;
				CLANG_WARN_DEPRECATED_OBJC_IMPLEMENTATIONS = YES;
				CLANG_WARN_DIRECT_OBJC_ISA_USAGE = YES_ERROR;
				CLANG_WARN_DOCUMENTATION_COMMENTS = YES;
				CLANG_WARN_EMPTY_BODY = YES;
				CLANG_WARN_ENUM_CONVERSION = YES;
				CLANG_WARN_INFINITE_RECURSION = YES;
				CLANG_WARN_INT_CONVERSION = YES;
				CLANG_WARN_NON_LITERAL_NULL_CONVERSION = YES;
				CLANG_WARN_OBJC_IMPLICIT_RETAIN_SELF = YES;
				CLANG_WARN_OBJC_LITERAL_CONVERSION = YES;
				CLANG_WARN_OBJC_ROOT_CLASS = YES_ERROR;
				CLANG_WARN_QUOTED_INCLUDE_IN_FRAMEWORK_HEADER = YES;
				CLANG_WARN_RANGE_LOOP_ANALYSIS = YES;
				CLANG_WARN_STRICT_PROTOTYPES = YES;
				CLANG_WARN_SUSPICIOUS_MOVE = YES;
				CLANG_WARN_UNGUARDED_AVAILABILITY = YES_AGGRESSIVE;
				CLANG_WARN_UNREACHABLE_CODE = YES;
				CLANG_WARN__DUPLICATE_METHOD_MATCH = YES;
				COPY_PHASE_STRIP = NO;
				DEBUG_INFORMATION_FORMAT = "dwarf-with-dsym";
				DEVELOPMENT_TEAM = LXE5SAW38H;
				ENABLE_NS_ASSERTIONS = NO;
				ENABLE_STRICT_OBJC_MSGSEND = YES;
				ENABLE_USER_SCRIPT_SANDBOXING = YES;
				GCC_C_LANGUAGE_STANDARD = gnu17;
				GCC_NO_COMMON_BLOCKS = YES;
				GCC_WARN_64_TO_32_BIT_CONVERSION = YES;
				GCC_WARN_ABOUT_RETURN_TYPE = YES_ERROR;
				GCC_WARN_UNDECLARED_SELECTOR = YES;
				GCC_WARN_UNINITIALIZED_AUTOS = YES_AGGRESSIVE;
				GCC_WARN_UNUSED_FUNCTION = YES;
				GCC_WARN_UNUSED_VARIABLE = YES;
				IPHONEOS_DEPLOYMENT_TARGET = 18.5;
				LOCALIZATION_PREFERS_STRING_CATALOGS = YES;
				MTL_ENABLE_DEBUG_INFO = NO;
				MTL_FAST_MATH = YES;
				SDKROOT = iphoneos;
				SWIFT_COMPILATION_MODE = wholemodule;
				VALIDATE_PRODUCT = YES;
			};
			name = Release;
		};
		FBDCB7C32E25FB080063B55D /* Debug */ = {
			isa = XCBuildConfiguration;
			buildSettings = {
				ASSETCATALOG_COMPILER_APPICON_NAME = AppIcon;
				ASSETCATALOG_COMPILER_GLOBAL_ACCENT_COLOR_NAME = AccentColor;
				CODE_SIGN_ENTITLEMENTS = ExerciseTracker/ExerciseTracker.entitlements;
				CODE_SIGN_STYLE = Automatic;
				CURRENT_PROJECT_VERSION = 1;
				DEVELOPMENT_TEAM = LXE5SAW38H;
				ENABLE_PREVIEWS = YES;
				GENERATE_INFOPLIST_FILE = NO;
				INFOPLIST_FILE = ExerciseTracker/Info.plist;
				INFOPLIST_KEY_LSApplicationCategoryType = "public.app-category.healthcare-fitness";
				INFOPLIST_KEY_NSHealthShareUsageDescription = "We need your permission to read your steps!";
				INFOPLIST_KEY_NSHealthUpdateUsageDescription = "Please give your permission to read your steps!";
				INFOPLIST_KEY_UIApplicationSceneManifest_Generation = YES;
				INFOPLIST_KEY_UIApplicationSupportsIndirectInputEvents = YES;
				INFOPLIST_KEY_UILaunchScreen_Generation = YES;
				INFOPLIST_KEY_UISupportedInterfaceOrientations = UIInterfaceOrientationPortrait;
				INFOPLIST_KEY_UISupportedInterfaceOrientations_iPad = "UIInterfaceOrientationLandscapeLeft UIInterfaceOrientationLandscapeRight UIInterfaceOrientationPortrait UIInterfaceOrientationPortraitUpsideDown";
				IPHONEOS_DEPLOYMENT_TARGET = 17.6;
				LD_RUNPATH_SEARCH_PATHS = (
					"$(inherited)",
					"@executable_path/Frameworks",
				);
				MARKETING_VERSION = 1.0;
				PRODUCT_BUNDLE_IDENTIFIER = com.testing.ExerciseTracker;
				PRODUCT_NAME = "$(TARGET_NAME)";
				SWIFT_EMIT_LOC_STRINGS = YES;
				SWIFT_VERSION = 6.0;
				TARGETED_DEVICE_FAMILY = "1,2";
			};
			name = Debug;
		};
		FBDCB7C42E25FB080063B55D /* Release */ = {
			isa = XCBuildConfiguration;
			buildSettings = {
				ASSETCATALOG_COMPILER_APPICON_NAME = AppIcon;
				ASSETCATALOG_COMPILER_GLOBAL_ACCENT_COLOR_NAME = AccentColor;
				CODE_SIGN_ENTITLEMENTS = ExerciseTracker/ExerciseTracker.entitlements;
				CODE_SIGN_STYLE = Automatic;
				CURRENT_PROJECT_VERSION = 1;
				DEVELOPMENT_TEAM = LXE5SAW38H;
				ENABLE_PREVIEWS = YES;
				GENERATE_INFOPLIST_FILE = NO;
				INFOPLIST_FILE = ExerciseTracker/Info.plist;
				INFOPLIST_KEY_LSApplicationCategoryType = "public.app-category.healthcare-fitness";
				INFOPLIST_KEY_NSHealthShareUsageDescription = "We need your permission to read your steps!";
				INFOPLIST_KEY_NSHealthUpdateUsageDescription = "Please give your permission to read your steps!";
				INFOPLIST_KEY_UIApplicationSceneManifest_Generation = YES;
				INFOPLIST_KEY_UIApplicationSupportsIndirectInputEvents = YES;
				INFOPLIST_KEY_UILaunchScreen_Generation = YES;
				INFOPLIST_KEY_UISupportedInterfaceOrientations = UIInterfaceOrientationPortrait;
				INFOPLIST_KEY_UISupportedInterfaceOrientations_iPad = "UIInterfaceOrientationLandscapeLeft UIInterfaceOrientationLandscapeRight UIInterfaceOrientationPortrait UIInterfaceOrientationPortraitUpsideDown";
				IPHONEOS_DEPLOYMENT_TARGET = 17.6;
				LD_RUNPATH_SEARCH_PATHS = (
					"$(inherited)",
					"@executable_path/Frameworks",
				);
				MARKETING_VERSION = 1.0;
				PRODUCT_BUNDLE_IDENTIFIER = com.testing.ExerciseTracker;
				PRODUCT_NAME = "$(TARGET_NAME)";
				SWIFT_EMIT_LOC_STRINGS = YES;
				SWIFT_VERSION = 6.0;
				TARGETED_DEVICE_FAMILY = "1,2";
			};
			name = Release;
		};
		FBDCB7C62E25FB080063B55D /* Debug */ = {
			isa = XCBuildConfiguration;
			buildSettings = {
				BUNDLE_LOADER = "$(TEST_HOST)";
				CODE_SIGN_STYLE = Automatic;
				CURRENT_PROJECT_VERSION = 1;
				DEVELOPMENT_TEAM = LXE5SAW38H;
				GENERATE_INFOPLIST_FILE = YES;
				IPHONEOS_DEPLOYMENT_TARGET = 18.5;
				MARKETING_VERSION = 1.0;
				PRODUCT_BUNDLE_IDENTIFIER = com.testing.ExerciseTrackerTests;
				PRODUCT_NAME = "$(TARGET_NAME)";
				SWIFT_EMIT_LOC_STRINGS = NO;
				SWIFT_VERSION = 5.0;
				TARGETED_DEVICE_FAMILY = "1,2";
				TEST_HOST = "$(BUILT_PRODUCTS_DIR)/ExerciseTracker.app/$(BUNDLE_EXECUTABLE_FOLDER_PATH)/ExerciseTracker";
			};
			name = Debug;
		};
		FBDCB7C72E25FB080063B55D /* Release */ = {
			isa = XCBuildConfiguration;
			buildSettings = {
				BUNDLE_LOADER = "$(TEST_HOST)";
				CODE_SIGN_STYLE = Automatic;
				CURRENT_PROJECT_VERSION = 1;
				DEVELOPMENT_TEAM = LXE5SAW38H;
				GENERATE_INFOPLIST_FILE = YES;
				IPHONEOS_DEPLOYMENT_TARGET = 18.5;
				MARKETING_VERSION = 1.0;
				PRODUCT_BUNDLE_IDENTIFIER = com.testing.ExerciseTrackerTests;
				PRODUCT_NAME = "$(TARGET_NAME)";
				SWIFT_EMIT_LOC_STRINGS = NO;
				SWIFT_VERSION = 5.0;
				TARGETED_DEVICE_FAMILY = "1,2";
				TEST_HOST = "$(BUILT_PRODUCTS_DIR)/ExerciseTracker.app/$(BUNDLE_EXECUTABLE_FOLDER_PATH)/ExerciseTracker";
			};
			name = Release;
		};
		FBDCB7C92E25FB080063B55D /* Debug */ = {
			isa = XCBuildConfiguration;
			buildSettings = {
				CODE_SIGN_STYLE = Automatic;
				CURRENT_PROJECT_VERSION = 1;
				DEVELOPMENT_TEAM = LXE5SAW38H;
				GENERATE_INFOPLIST_FILE = YES;
				MARKETING_VERSION = 1.0;
				PRODUCT_BUNDLE_IDENTIFIER = com.testing.ExerciseTrackerUITests;
				PRODUCT_NAME = "$(TARGET_NAME)";
				SWIFT_EMIT_LOC_STRINGS = NO;
				SWIFT_VERSION = 5.0;
				TARGETED_DEVICE_FAMILY = "1,2";
				TEST_TARGET_NAME = ExerciseTracker;
			};
			name = Debug;
		};
		FBDCB7CA2E25FB080063B55D /* Release */ = {
			isa = XCBuildConfiguration;
			buildSettings = {
				CODE_SIGN_STYLE = Automatic;
				CURRENT_PROJECT_VERSION = 1;
				DEVELOPMENT_TEAM = LXE5SAW38H;
				GENERATE_INFOPLIST_FILE = YES;
				MARKETING_VERSION = 1.0;
				PRODUCT_BUNDLE_IDENTIFIER = com.testing.ExerciseTrackerUITests;
				PRODUCT_NAME = "$(TARGET_NAME)";
				SWIFT_EMIT_LOC_STRINGS = NO;
				SWIFT_VERSION = 5.0;
				TARGETED_DEVICE_FAMILY = "1,2";
				TEST_TARGET_NAME = ExerciseTracker;
			};
			name = Release;
		};
/* End XCBuildConfiguration section */

/* Begin XCConfigurationList section */
		FBDCB79A2E25FB050063B55D /* Build configuration list for PBXProject "ExerciseTracker" */ = {
			isa = XCConfigurationList;
			buildConfigurations = (
				FBDCB7C02E25FB080063B55D /* Debug */,
				FBDCB7C12E25FB080063B55D /* Release */,
			);
			defaultConfigurationIsVisible = 0;
			defaultConfigurationName = Release;
		};
		FBDCB7C22E25FB080063B55D /* Build configuration list for PBXNativeTarget "ExerciseTracker" */ = {
			isa = XCConfigurationList;
			buildConfigurations = (
				FBDCB7C32E25FB080063B55D /* Debug */,
				FBDCB7C42E25FB080063B55D /* Release */,
			);
			defaultConfigurationIsVisible = 0;
			defaultConfigurationName = Release;
		};
		FBDCB7C52E25FB080063B55D /* Build configuration list for PBXNativeTarget "ExerciseTrackerTests" */ = {
			isa = XCConfigurationList;
			buildConfigurations = (
				FBDCB7C62E25FB080063B55D /* Debug */,
				FBDCB7C72E25FB080063B55D /* Release */,
			);
			defaultConfigurationIsVisible = 0;
			defaultConfigurationName = Release;
		};
		FBDCB7C82E25FB080063B55D /* Build configuration list for PBXNativeTarget "ExerciseTrackerUITests" */ = {
			isa = XCConfigurationList;
			buildConfigurations = (
				FBDCB7C92E25FB080063B55D /* Debug */,
				FBDCB7CA2E25FB080063B55D /* Release */,
			);
			defaultConfigurationIsVisible = 0;
			defaultConfigurationName = Release;
		};
/* End XCConfigurationList section */
	};
	rootObject = FBDCB7972E25FB050063B55D /* Project object */;
}
